// !$*UTF8*$!
{
	archiveVersion = 1;
	classes = {
	};
	objectVersion = 46;
	objects = {

/* Begin PBXBuildFile section */
		E23EF253182C8859001C5730 /* EventsViewController.m in Sources */ = {isa = PBXBuildFile; fileRef = E23EF251182C8859001C5730 /* EventsViewController.m */; };
		E23EF254182C8859001C5730 /* EventsViewController.xib in Resources */ = {isa = PBXBuildFile; fileRef = E23EF252182C8859001C5730 /* EventsViewController.xib */; };
		E2C9D967182C652C007FD952 /* Foundation.framework in Frameworks */ = {isa = PBXBuildFile; fileRef = E2C9D966182C652C007FD952 /* Foundation.framework */; };
		E2C9D969182C652C007FD952 /* CoreGraphics.framework in Frameworks */ = {isa = PBXBuildFile; fileRef = E2C9D968182C652C007FD952 /* CoreGraphics.framework */; };
		E2C9D96B182C652C007FD952 /* UIKit.framework in Frameworks */ = {isa = PBXBuildFile; fileRef = E2C9D96A182C652C007FD952 /* UIKit.framework */; };
		E2C9D971182C652C007FD952 /* InfoPlist.strings in Resources */ = {isa = PBXBuildFile; fileRef = E2C9D96F182C652C007FD952 /* InfoPlist.strings */; };
		E2C9D973182C652C007FD952 /* main.m in Sources */ = {isa = PBXBuildFile; fileRef = E2C9D972182C652C007FD952 /* main.m */; };
		E2C9D977182C652C007FD952 /* AppDelegate.m in Sources */ = {isa = PBXBuildFile; fileRef = E2C9D976182C652C007FD952 /* AppDelegate.m */; };
		E2C9D97A182C652C007FD952 /* Main_iPhone.storyboard in Resources */ = {isa = PBXBuildFile; fileRef = E2C9D978182C652C007FD952 /* Main_iPhone.storyboard */; };
		E2C9D97D182C652C007FD952 /* Main_iPad.storyboard in Resources */ = {isa = PBXBuildFile; fileRef = E2C9D97B182C652C007FD952 /* Main_iPad.storyboard */; };
		E2C9D980182C652C007FD952 /* ViewController.m in Sources */ = {isa = PBXBuildFile; fileRef = E2C9D97F182C652C007FD952 /* ViewController.m */; };
		E2C9D982182C652C007FD952 /* Images.xcassets in Resources */ = {isa = PBXBuildFile; fileRef = E2C9D981182C652C007FD952 /* Images.xcassets */; };
		E2C9D989182C652C007FD952 /* XCTest.framework in Frameworks */ = {isa = PBXBuildFile; fileRef = E2C9D988182C652C007FD952 /* XCTest.framework */; };
		E2C9D98A182C652C007FD952 /* Foundation.framework in Frameworks */ = {isa = PBXBuildFile; fileRef = E2C9D966182C652C007FD952 /* Foundation.framework */; };
		E2C9D98B182C652C007FD952 /* UIKit.framework in Frameworks */ = {isa = PBXBuildFile; fileRef = E2C9D96A182C652C007FD952 /* UIKit.framework */; };
		E2C9D993182C652C007FD952 /* InfoPlist.strings in Resources */ = {isa = PBXBuildFile; fileRef = E2C9D991182C652C007FD952 /* InfoPlist.strings */; };
		E2C9D995182C652C007FD952 /* Warren_Robert_Week3_1311Tests.m in Sources */ = {isa = PBXBuildFile; fileRef = E2C9D994182C652C007FD952 /* Warren_Robert_Week3_1311Tests.m */; };
/* End PBXBuildFile section */

/* Begin PBXContainerItemProxy section */
		E2C9D98C182C652C007FD952 /* PBXContainerItemProxy */ = {
			isa = PBXContainerItemProxy;
			containerPortal = E2C9D95B182C652C007FD952 /* Project object */;
			proxyType = 1;
			remoteGlobalIDString = E2C9D962182C652C007FD952;
			remoteInfo = Warren_Robert_Week3_1311;
		};
/* End PBXContainerItemProxy section */

/* Begin PBXFileReference section */
		E23EF250182C8859001C5730 /* EventsViewController.h */ = {isa = PBXFileReference; fileEncoding = 4; lastKnownFileType = sourcecode.c.h; path = EventsViewController.h; sourceTree = "<group>"; };
		E23EF251182C8859001C5730 /* EventsViewController.m */ = {isa = PBXFileReference; fileEncoding = 4; lastKnownFileType = sourcecode.c.objc; path = EventsViewController.m; sourceTree = "<group>"; };
		E23EF252182C8859001C5730 /* EventsViewController.xib */ = {isa = PBXFileReference; fileEncoding = 4; lastKnownFileType = file.xib; path = EventsViewController.xib; sourceTree = "<group>"; };
		E2C9D963182C652C007FD952 /* Warren_Robert_Week3_1311.app */ = {isa = PBXFileReference; explicitFileType = wrapper.application; includeInIndex = 0; path = Warren_Robert_Week3_1311.app; sourceTree = BUILT_PRODUCTS_DIR; };
		E2C9D966182C652C007FD952 /* Foundation.framework */ = {isa = PBXFileReference; lastKnownFileType = wrapper.framework; name = Foundation.framework; path = System/Library/Frameworks/Foundation.framework; sourceTree = SDKROOT; };
		E2C9D968182C652C007FD952 /* CoreGraphics.framework */ = {isa = PBXFileReference; lastKnownFileType = wrapper.framework; name = CoreGraphics.framework; path = System/Library/Frameworks/CoreGraphics.framework; sourceTree = SDKROOT; };
		E2C9D96A182C652C007FD952 /* UIKit.framework */ = {isa = PBXFileReference; lastKnownFileType = wrapper.framework; name = UIKit.framework; path = System/Library/Frameworks/UIKit.framework; sourceTree = SDKROOT; };
		E2C9D96E182C652C007FD952 /* Warren_Robert_Week3_1311-Info.plist */ = {isa = PBXFileReference; lastKnownFileType = text.plist.xml; path = "Warren_Robert_Week3_1311-Info.plist"; sourceTree = "<group>"; };
		E2C9D970182C652C007FD952 /* en */ = {isa = PBXFileReference; lastKnownFileType = text.plist.strings; name = en; path = en.lproj/InfoPlist.strings; sourceTree = "<group>"; };
		E2C9D972182C652C007FD952 /* main.m */ = {isa = PBXFileReference; lastKnownFileType = sourcecode.c.objc; path = main.m; sourceTree = "<group>"; };
		E2C9D974182C652C007FD952 /* Warren_Robert_Week3_1311-Prefix.pch */ = {isa = PBXFileReference; lastKnownFileType = sourcecode.c.h; path = "Warren_Robert_Week3_1311-Prefix.pch"; sourceTree = "<group>"; };
		E2C9D975182C652C007FD952 /* AppDelegate.h */ = {isa = PBXFileReference; lastKnownFileType = sourcecode.c.h; path = AppDelegate.h; sourceTree = "<group>"; };
		E2C9D976182C652C007FD952 /* AppDelegate.m */ = {isa = PBXFileReference; lastKnownFileType = sourcecode.c.objc; path = AppDelegate.m; sourceTree = "<group>"; };
		E2C9D979182C652C007FD952 /* Base */ = {isa = PBXFileReference; lastKnownFileType = file.storyboard; name = Base; path = Base.lproj/Main_iPhone.storyboard; sourceTree = "<group>"; };
		E2C9D97C182C652C007FD952 /* Base */ = {isa = PBXFileReference; lastKnownFileType = file.storyboard; name = Base; path = Base.lproj/Main_iPad.storyboard; sourceTree = "<group>"; };
		E2C9D97E182C652C007FD952 /* ViewController.h */ = {isa = PBXFileReference; lastKnownFileType = sourcecode.c.h; path = ViewController.h; sourceTree = "<group>"; };
		E2C9D97F182C652C007FD952 /* ViewController.m */ = {isa = PBXFileReference; lastKnownFileType = sourcecode.c.objc; path = ViewController.m; sourceTree = "<group>"; };
		E2C9D981182C652C007FD952 /* Images.xcassets */ = {isa = PBXFileReference; lastKnownFileType = folder.assetcatalog; path = Images.xcassets; sourceTree = "<group>"; };
		E2C9D987182C652C007FD952 /* Warren_Robert_Week3_1311Tests.xctest */ = {isa = PBXFileReference; explicitFileType = wrapper.cfbundle; includeInIndex = 0; path = Warren_Robert_Week3_1311Tests.xctest; sourceTree = BUILT_PRODUCTS_DIR; };
		E2C9D988182C652C007FD952 /* XCTest.framework */ = {isa = PBXFileReference; lastKnownFileType = wrapper.framework; name = XCTest.framework; path = Library/Frameworks/XCTest.framework; sourceTree = DEVELOPER_DIR; };
		E2C9D990182C652C007FD952 /* Warren_Robert_Week3_1311Tests-Info.plist */ = {isa = PBXFileReference; lastKnownFileType = text.plist.xml; path = "Warren_Robert_Week3_1311Tests-Info.plist"; sourceTree = "<group>"; };
		E2C9D992182C652C007FD952 /* en */ = {isa = PBXFileReference; lastKnownFileType = text.plist.strings; name = en; path = en.lproj/InfoPlist.strings; sourceTree = "<group>"; };
		E2C9D994182C652C007FD952 /* Warren_Robert_Week3_1311Tests.m */ = {isa = PBXFileReference; lastKnownFileType = sourcecode.c.objc; path = Warren_Robert_Week3_1311Tests.m; sourceTree = "<group>"; };
/* End PBXFileReference section */

/* Begin PBXFrameworksBuildPhase section */
		E2C9D960182C652C007FD952 /* Frameworks */ = {
			isa = PBXFrameworksBuildPhase;
			buildActionMask = 2147483647;
			files = (
				E2C9D969182C652C007FD952 /* CoreGraphics.framework in Frameworks */,
				E2C9D96B182C652C007FD952 /* UIKit.framework in Frameworks */,
				E2C9D967182C652C007FD952 /* Foundation.framework in Frameworks */,
			);
			runOnlyForDeploymentPostprocessing = 0;
		};
		E2C9D984182C652C007FD952 /* Frameworks */ = {
			isa = PBXFrameworksBuildPhase;
			buildActionMask = 2147483647;
			files = (
				E2C9D989182C652C007FD952 /* XCTest.framework in Frameworks */,
				E2C9D98B182C652C007FD952 /* UIKit.framework in Frameworks */,
				E2C9D98A182C652C007FD952 /* Foundation.framework in Frameworks */,
			);
			runOnlyForDeploymentPostprocessing = 0;
		};
/* End PBXFrameworksBuildPhase section */

/* Begin PBXGroup section */
		E2C9D95A182C652C007FD952 = {
			isa = PBXGroup;
			children = (
				E2C9D96C182C652C007FD952 /* Warren_Robert_Week3_1311 */,
				E2C9D98E182C652C007FD952 /* Warren_Robert_Week3_1311Tests */,
				E2C9D965182C652C007FD952 /* Frameworks */,
				E2C9D964182C652C007FD952 /* Products */,
			);
			sourceTree = "<group>";
		};
		E2C9D964182C652C007FD952 /* Products */ = {
			isa = PBXGroup;
			children = (
				E2C9D963182C652C007FD952 /* Warren_Robert_Week3_1311.app */,
				E2C9D987182C652C007FD952 /* Warren_Robert_Week3_1311Tests.xctest */,
			);
			name = Products;
			sourceTree = "<group>";
		};
		E2C9D965182C652C007FD952 /* Frameworks */ = {
			isa = PBXGroup;
			children = (
				E2C9D966182C652C007FD952 /* Foundation.framework */,
				E2C9D968182C652C007FD952 /* CoreGraphics.framework */,
				E2C9D96A182C652C007FD952 /* UIKit.framework */,
				E2C9D988182C652C007FD952 /* XCTest.framework */,
			);
			name = Frameworks;
			sourceTree = "<group>";
		};
		E2C9D96C182C652C007FD952 /* Warren_Robert_Week3_1311 */ = {
			isa = PBXGroup;
			children = (
				E2C9D975182C652C007FD952 /* AppDelegate.h */,
				E2C9D976182C652C007FD952 /* AppDelegate.m */,
				E2C9D978182C652C007FD952 /* Main_iPhone.storyboard */,
				E2C9D97B182C652C007FD952 /* Main_iPad.storyboard */,
				E2C9D97E182C652C007FD952 /* ViewController.h */,
				E2C9D97F182C652C007FD952 /* ViewController.m */,
				E23EF252182C8859001C5730 /* EventsViewController.xib */,
				E23EF250182C8859001C5730 /* EventsViewController.h */,
				E23EF251182C8859001C5730 /* EventsViewController.m */,
				E2C9D981182C652C007FD952 /* Images.xcassets */,
				E2C9D96D182C652C007FD952 /* Supporting Files */,
			);
			path = Warren_Robert_Week3_1311;
			sourceTree = "<group>";
		};
		E2C9D96D182C652C007FD952 /* Supporting Files */ = {
			isa = PBXGroup;
			children = (
				E2C9D96E182C652C007FD952 /* Warren_Robert_Week3_1311-Info.plist */,
				E2C9D96F182C652C007FD952 /* InfoPlist.strings */,
				E2C9D972182C652C007FD952 /* main.m */,
				E2C9D974182C652C007FD952 /* Warren_Robert_Week3_1311-Prefix.pch */,
			);
			name = "Supporting Files";
			sourceTree = "<group>";
		};
		E2C9D98E182C652C007FD952 /* Warren_Robert_Week3_1311Tests */ = {
			isa = PBXGroup;
			children = (
				E2C9D994182C652C007FD952 /* Warren_Robert_Week3_1311Tests.m */,
				E2C9D98F182C652C007FD952 /* Supporting Files */,
			);
			path = Warren_Robert_Week3_1311Tests;
			sourceTree = "<group>";
		};
		E2C9D98F182C652C007FD952 /* Supporting Files */ = {
			isa = PBXGroup;
			children = (
				E2C9D990182C652C007FD952 /* Warren_Robert_Week3_1311Tests-Info.plist */,
				E2C9D991182C652C007FD952 /* InfoPlist.strings */,
			);
			name = "Supporting Files";
			sourceTree = "<group>";
		};
/* End PBXGroup section */

/* Begin PBXNativeTarget section */
		E2C9D962182C652C007FD952 /* Warren_Robert_Week3_1311 */ = {
			isa = PBXNativeTarget;
			buildConfigurationList = E2C9D998182C652C007FD952 /* Build configuration list for PBXNativeTarget "Warren_Robert_Week3_1311" */;
			buildPhases = (
				E2C9D95F182C652C007FD952 /* Sources */,
				E2C9D960182C652C007FD952 /* Frameworks */,
				E2C9D961182C652C007FD952 /* Resources */,
			);
			buildRules = (
			);
			dependencies = (
			);
			name = Warren_Robert_Week3_1311;
			productName = Warren_Robert_Week3_1311;
			productReference = E2C9D963182C652C007FD952 /* Warren_Robert_Week3_1311.app */;
			productType = "com.apple.product-type.application";
		};
		E2C9D986182C652C007FD952 /* Warren_Robert_Week3_1311Tests */ = {
			isa = PBXNativeTarget;
			buildConfigurationList = E2C9D99B182C652C007FD952 /* Build configuration list for PBXNativeTarget "Warren_Robert_Week3_1311Tests" */;
			buildPhases = (
				E2C9D983182C652C007FD952 /* Sources */,
				E2C9D984182C652C007FD952 /* Frameworks */,
				E2C9D985182C652C007FD952 /* Resources */,
			);
			buildRules = (
			);
			dependencies = (
				E2C9D98D182C652C007FD952 /* PBXTargetDependency */,
			);
			name = Warren_Robert_Week3_1311Tests;
			productName = Warren_Robert_Week3_1311Tests;
			productReference = E2C9D987182C652C007FD952 /* Warren_Robert_Week3_1311Tests.xctest */;
			productType = "com.apple.product-type.bundle.unit-test";
		};
/* End PBXNativeTarget section */

/* Begin PBXProject section */
		E2C9D95B182C652C007FD952 /* Project object */ = {
			isa = PBXProject;
			attributes = {
				LastUpgradeCheck = 0500;
				ORGANIZATIONNAME = "Robert Warren";
				TargetAttributes = {
					E2C9D986182C652C007FD952 = {
						TestTargetID = E2C9D962182C652C007FD952;
					};
				};
			};
			buildConfigurationList = E2C9D95E182C652C007FD952 /* Build configuration list for PBXProject "Warren_Robert_Week3_1311" */;
			compatibilityVersion = "Xcode 3.2";
			developmentRegion = English;
			hasScannedForEncodings = 0;
			knownRegions = (
				en,
				Base,
			);
			mainGroup = E2C9D95A182C652C007FD952;
			productRefGroup = E2C9D964182C652C007FD952 /* Products */;
			projectDirPath = "";
			projectRoot = "";
			targets = (
				E2C9D962182C652C007FD952 /* Warren_Robert_Week3_1311 */,
				E2C9D986182C652C007FD952 /* Warren_Robert_Week3_1311Tests */,
			);
		};
/* End PBXProject section */

/* Begin PBXResourcesBuildPhase section */
		E2C9D961182C652C007FD952 /* Resources */ = {
			isa = PBXResourcesBuildPhase;
			buildActionMask = 2147483647;
			files = (
				E2C9D97D182C652C007FD952 /* Main_iPad.storyboard in Resources */,
				E23EF254182C8859001C5730 /* EventsViewController.xib in Resources */,
				E2C9D982182C652C007FD952 /* Images.xcassets in Resources */,
				E2C9D97A182C652C007FD952 /* Main_iPhone.storyboard in Resources */,
				E2C9D971182C652C007FD952 /* InfoPlist.strings in Resources */,
			);
			runOnlyForDeploymentPostprocessing = 0;
		};
		E2C9D985182C652C007FD952 /* Resources */ = {
			isa = PBXResourcesBuildPhase;
			buildActionMask = 2147483647;
			files = (
				E2C9D993182C652C007FD952 /* InfoPlist.strings in Resources */,
			);
			runOnlyForDeploymentPostprocessing = 0;
		};
/* End PBXResourcesBuildPhase section */

/* Begin PBXSourcesBuildPhase section */
		E2C9D95F182C652C007FD952 /* Sources */ = {
			isa = PBXSourcesBuildPhase;
			buildActionMask = 2147483647;
			files = (
				E2C9D980182C652C007FD952 /* ViewController.m in Sources */,
				E23EF253182C8859001C5730 /* EventsViewController.m in Sources */,
				E2C9D977182C652C007FD952 /* AppDelegate.m in Sources */,
				E2C9D973182C652C007FD952 /* main.m in Sources */,
			);
			runOnlyForDeploymentPostprocessing = 0;
		};
		E2C9D983182C652C007FD952 /* Sources */ = {
			isa = PBXSourcesBuildPhase;
			buildActionMask = 2147483647;
			files = (
				E2C9D995182C652C007FD952 /* Warren_Robert_Week3_1311Tests.m in Sources */,
			);
			runOnlyForDeploymentPostprocessing = 0;
		};
/* End PBXSourcesBuildPhase section */

/* Begin PBXTargetDependency section */
		E2C9D98D182C652C007FD952 /* PBXTargetDependency */ = {
			isa = PBXTargetDependency;
			target = E2C9D962182C652C007FD952 /* Warren_Robert_Week3_1311 */;
			targetProxy = E2C9D98C182C652C007FD952 /* PBXContainerItemProxy */;
		};
/* End PBXTargetDependency section */

/* Begin PBXVariantGroup section */
		E2C9D96F182C652C007FD952 /* InfoPlist.strings */ = {
			isa = PBXVariantGroup;
			children = (
				E2C9D970182C652C007FD952 /* en */,
			);
			name = InfoPlist.strings;
			sourceTree = "<group>";
		};
		E2C9D978182C652C007FD952 /* Main_iPhone.storyboard */ = {
			isa = PBXVariantGroup;
			children = (
				E2C9D979182C652C007FD952 /* Base */,
			);
			name = Main_iPhone.storyboard;
			sourceTree = "<group>";
		};
		E2C9D97B182C652C007FD952 /* Main_iPad.storyboard */ = {
			isa = PBXVariantGroup;
			children = (
				E2C9D97C182C652C007FD952 /* Base */,
			);
			name = Main_iPad.storyboard;
			sourceTree = "<group>";
		};
		E2C9D991182C652C007FD952 /* InfoPlist.strings */ = {
			isa = PBXVariantGroup;
			children = (
				E2C9D992182C652C007FD952 /* en */,
			);
			name = InfoPlist.strings;
			sourceTree = "<group>";
		};
/* End PBXVariantGroup section */

/* Begin XCBuildConfiguration section */
		E2C9D996182C652C007FD952 /* Debug */ = {
			isa = XCBuildConfiguration;
			buildSettings = {
				ALWAYS_SEARCH_USER_PATHS = NO;
				ARCHS = "$(ARCHS_STANDARD_INCLUDING_64_BIT)";
				CLANG_CXX_LANGUAGE_STANDARD = "gnu++0x";
				CLANG_CXX_LIBRARY = "libc++";
				CLANG_ENABLE_MODULES = YES;
				CLANG_ENABLE_OBJC_ARC = YES;
				CLANG_WARN_BOOL_CONVERSION = YES;
				CLANG_WARN_CONSTANT_CONVERSION = YES;
				CLANG_WARN_DIRECT_OBJC_ISA_USAGE = YES_ERROR;
				CLANG_WARN_EMPTY_BODY = YES;
				CLANG_WARN_ENUM_CONVERSION = YES;
				CLANG_WARN_INT_CONVERSION = YES;
				CLANG_WARN_OBJC_ROOT_CLASS = YES_ERROR;
				CLANG_WARN__DUPLICATE_METHOD_MATCH = YES;
				"CODE_SIGN_IDENTITY[sdk=iphoneos*]" = "iPhone Developer";
				COPY_PHASE_STRIP = NO;
				GCC_C_LANGUAGE_STANDARD = gnu99;
				GCC_DYNAMIC_NO_PIC = NO;
				GCC_OPTIMIZATION_LEVEL = 0;
				GCC_PREPROCESSOR_DEFINITIONS = (
					"DEBUG=1",
					"$(inherited)",
				);
				GCC_SYMBOLS_PRIVATE_EXTERN = NO;
				GCC_WARN_64_TO_32_BIT_CONVERSION = YES;
				GCC_WARN_ABOUT_RETURN_TYPE = YES_ERROR;
				GCC_WARN_UNDECLARED_SELECTOR = YES;
				GCC_WARN_UNINITIALIZED_AUTOS = YES;
				GCC_WARN_UNUSED_FUNCTION = YES;
				GCC_WARN_UNUSED_VARIABLE = YES;
				IPHONEOS_DEPLOYMENT_TARGET = 7.0;
				ONLY_ACTIVE_ARCH = YES;
				SDKROOT = iphoneos;
				TARGETED_DEVICE_FAMILY = "1,2";
			};
			name = Debug;
		};
		E2C9D997182C652C007FD952 /* Release */ = {
			isa = XCBuildConfiguration;
			buildSettings = {
				ALWAYS_SEARCH_USER_PATHS = NO;
				ARCHS = "$(ARCHS_STANDARD_INCLUDING_64_BIT)";
				CLANG_CXX_LANGUAGE_STANDARD = "gnu++0x";
				CLANG_CXX_LIBRARY = "libc++";
				CLANG_ENABLE_MODULES = YES;
				CLANG_ENABLE_OBJC_ARC = YES;
				CLANG_WARN_BOOL_CONVERSION = YES;
				CLANG_WARN_CONSTANT_CONVERSION = YES;
				CLANG_WARN_DIRECT_OBJC_ISA_USAGE = YES_ERROR;
				CLANG_WARN_EMPTY_BODY = YES;
				CLANG_WARN_ENUM_CONVERSION = YES;
				CLANG_WARN_INT_CONVERSION = YES;
				CLANG_WARN_OBJC_ROOT_CLASS = YES_ERROR;
				CLANG_WARN__DUPLICATE_METHOD_MATCH = YES;
				"CODE_SIGN_IDENTITY[sdk=iphoneos*]" = "iPhone Developer";
				COPY_PHASE_STRIP = YES;
				ENABLE_NS_ASSERTIONS = NO;
				GCC_C_LANGUAGE_STANDARD = gnu99;
				GCC_WARN_64_TO_32_BIT_CONVERSION = YES;
				GCC_WARN_ABOUT_RETURN_TYPE = YES_ERROR;
				GCC_WARN_UNDECLARED_SELECTOR = YES;
				GCC_WARN_UNINITIALIZED_AUTOS = YES;
				GCC_WARN_UNUSED_FUNCTION = YES;
				GCC_WARN_UNUSED_VARIABLE = YES;
				IPHONEOS_DEPLOYMENT_TARGET = 7.0;
				SDKROOT = iphoneos;
				TARGETED_DEVICE_FAMILY = "1,2";
				VALIDATE_PRODUCT = YES;
			};
			name = Release;
		};
		E2C9D999182C652C007FD952 /* Debug */ = {
			isa = XCBuildConfiguration;
			buildSettings = {
				ASSETCATALOG_COMPILER_APPICON_NAME = AppIcon;
				ASSETCATALOG_COMPILER_LAUNCHIMAGE_NAME = LaunchImage;
				GCC_PRECOMPILE_PREFIX_HEADER = YES;
				GCC_PREFIX_HEADER = "Warren_Robert_Week3_1311/Warren_Robert_Week3_1311-Prefix.pch";
				INFOPLIST_FILE = "Warren_Robert_Week3_1311/Warren_Robert_Week3_1311-Info.plist";
				PRODUCT_NAME = "$(TARGET_NAME)";
				TARGETED_DEVICE_FAMILY = 1;
				WRAPPER_EXTENSION = app;
			};
			name = Debug;
		};
		E2C9D99A182C652C007FD952 /* Release */ = {
			isa = XCBuildConfiguration;
			buildSettings = {
				ASSETCATALOG_COMPILER_APPICON_NAME = AppIcon;
				ASSETCATALOG_COMPILER_LAUNCHIMAGE_NAME = LaunchImage;
				GCC_PRECOMPILE_PREFIX_HEADER = YES;
				GCC_PREFIX_HEADER = "Warren_Robert_Week3_1311/Warren_Robert_Week3_1311-Prefix.pch";
				INFOPLIST_FILE = "Warren_Robert_Week3_1311/Warren_Robert_Week3_1311-Info.plist";
				PRODUCT_NAME = "$(TARGET_NAME)";
				TARGETED_DEVICE_FAMILY = 1;
				WRAPPER_EXTENSION = app;
			};
			name = Release;
		};
		E2C9D99C182C652C007FD952 /* Debug */ = {
			isa = XCBuildConfiguration;
			buildSettings = {
				ARCHS = "$(ARCHS_STANDARD_INCLUDING_64_BIT)";
				BUNDLE_LOADER = "$(BUILT_PRODUCTS_DIR)/Warren_Robert_Week3_1311.app/Warren_Robert_Week3_1311";
				FRAMEWORK_SEARCH_PATHS = (
					"$(SDKROOT)/Developer/Library/Frameworks",
					"$(inherited)",
					"$(DEVELOPER_FRAMEWORKS_DIR)",
				);
				GCC_PRECOMPILE_PREFIX_HEADER = YES;
				GCC_PREFIX_HEADER = "Warren_Robert_Week3_1311/Warren_Robert_Week3_1311-Prefix.pch";
				GCC_PREPROCESSOR_DEFINITIONS = (
					"DEBUG=1",
					"$(inherited)",
				);
				INFOPLIST_FILE = "Warren_Robert_Week3_1311Tests/Warren_Robert_Week3_1311Tests-Info.plist";
				PRODUCT_NAME = "$(TARGET_NAME)";
				TEST_HOST = "$(BUNDLE_LOADER)";
				WRAPPER_EXTENSION = xctest;
			};
			name = Debug;
		};
		E2C9D99D182C652C007FD952 /* Release */ = {
			isa = XCBuildConfiguration;
			buildSettings = {
				ARCHS = "$(ARCHS_STANDARD_INCLUDING_64_BIT)";
				BUNDLE_LOADER = "$(BUILT_PRODUCTS_DIR)/Warren_Robert_Week3_1311.app/Warren_Robert_Week3_1311";
				FRAMEWORK_SEARCH_PATHS = (
					"$(SDKROOT)/Developer/Library/Frameworks",
					"$(inherited)",
					"$(DEVELOPER_FRAMEWORKS_DIR)",
				);
				GCC_PRECOMPILE_PREFIX_HEADER = YES;
				GCC_PREFIX_HEADER = "Warren_Robert_Week3_1311/Warren_Robert_Week3_1311-Prefix.pch";
				INFOPLIST_FILE = "Warren_Robert_Week3_1311Tests/Warren_Robert_Week3_1311Tests-Info.plist";
				PRODUCT_NAME = "$(TARGET_NAME)";
				TEST_HOST = "$(BUNDLE_LOADER)";
				WRAPPER_EXTENSION = xctest;
			};
			name = Release;
		};
/* End XCBuildConfiguration section */

/* Begin XCConfigurationList section */
		E2C9D95E182C652C007FD952 /* Build configuration list for PBXProject "Warren_Robert_Week3_1311" */ = {
			isa = XCConfigurationList;
			buildConfigurations = (
				E2C9D996182C652C007FD952 /* Debug */,
				E2C9D997182C652C007FD952 /* Release */,
			);
			defaultConfigurationIsVisible = 0;
			defaultConfigurationName = Release;
		};
		E2C9D998182C652C007FD952 /* Build configuration list for PBXNativeTarget "Warren_Robert_Week3_1311" */ = {
			isa = XCConfigurationList;
			buildConfigurations = (
				E2C9D999182C652C007FD952 /* Debug */,
				E2C9D99A182C652C007FD952 /* Release */,
			);
			defaultConfigurationIsVisible = 0;
			defaultConfigurationName = Release;
		};
		E2C9D99B182C652C007FD952 /* Build configuration list for PBXNativeTarget "Warren_Robert_Week3_1311Tests" */ = {
			isa = XCConfigurationList;
			buildConfigurations = (
				E2C9D99C182C652C007FD952 /* Debug */,
				E2C9D99D182C652C007FD952 /* Release */,
			);
			defaultConfigurationIsVisible = 0;
			defaultConfigurationName = Release;
		};
/* End XCConfigurationList section */
	};
	rootObject = E2C9D95B182C652C007FD952 /* Project object */;
}
