// !$*UTF8*$!
{
	archiveVersion = 1;
	classes = {
	};
	objectVersion = 46;
	objects = {

/* Begin PBXBuildFile section */
		E20A490E18218C600072171F /* Foundation.framework in Frameworks */ = {isa = PBXBuildFile; fileRef = E20A490D18218C600072171F /* Foundation.framework */; };
		E20A491018218C600072171F /* CoreGraphics.framework in Frameworks */ = {isa = PBXBuildFile; fileRef = E20A490F18218C600072171F /* CoreGraphics.framework */; };
		E20A491218218C600072171F /* UIKit.framework in Frameworks */ = {isa = PBXBuildFile; fileRef = E20A491118218C600072171F /* UIKit.framework */; };
		E20A491818218C600072171F /* InfoPlist.strings in Resources */ = {isa = PBXBuildFile; fileRef = E20A491618218C600072171F /* InfoPlist.strings */; };
		E20A491A18218C600072171F /* main.m in Sources */ = {isa = PBXBuildFile; fileRef = E20A491918218C600072171F /* main.m */; };
		E20A491E18218C600072171F /* AppDelegate.m in Sources */ = {isa = PBXBuildFile; fileRef = E20A491D18218C600072171F /* AppDelegate.m */; };
		E20A492118218C600072171F /* Main_iPhone.storyboard in Resources */ = {isa = PBXBuildFile; fileRef = E20A491F18218C600072171F /* Main_iPhone.storyboard */; };
		E20A492418218C600072171F /* Main_iPad.storyboard in Resources */ = {isa = PBXBuildFile; fileRef = E20A492218218C600072171F /* Main_iPad.storyboard */; };
		E20A492718218C600072171F /* ViewController.m in Sources */ = {isa = PBXBuildFile; fileRef = E20A492618218C600072171F /* ViewController.m */; };
		E20A492918218C600072171F /* Images.xcassets in Resources */ = {isa = PBXBuildFile; fileRef = E20A492818218C600072171F /* Images.xcassets */; };
		E20A493018218C600072171F /* XCTest.framework in Frameworks */ = {isa = PBXBuildFile; fileRef = E20A492F18218C600072171F /* XCTest.framework */; };
		E20A493118218C600072171F /* Foundation.framework in Frameworks */ = {isa = PBXBuildFile; fileRef = E20A490D18218C600072171F /* Foundation.framework */; };
		E20A493218218C600072171F /* UIKit.framework in Frameworks */ = {isa = PBXBuildFile; fileRef = E20A491118218C600072171F /* UIKit.framework */; };
		E20A493A18218C600072171F /* InfoPlist.strings in Resources */ = {isa = PBXBuildFile; fileRef = E20A493818218C600072171F /* InfoPlist.strings */; };
		E20A493C18218C600072171F /* Warren_Robert_Week1_1311Tests.m in Sources */ = {isa = PBXBuildFile; fileRef = E20A493B18218C600072171F /* Warren_Robert_Week1_1311Tests.m */; };
		E20A494718218CE40072171F /* dogBase.m in Sources */ = {isa = PBXBuildFile; fileRef = E20A494618218CE40072171F /* dogBase.m */; };
		E20A494A18218D190072171F /* chihuahua.m in Sources */ = {isa = PBXBuildFile; fileRef = E20A494918218D190072171F /* chihuahua.m */; };
		E20A494D18218D2A0072171F /* boxer.m in Sources */ = {isa = PBXBuildFile; fileRef = E20A494C18218D2A0072171F /* boxer.m */; };
		E20A495018218D3B0072171F /* poodle.m in Sources */ = {isa = PBXBuildFile; fileRef = E20A494F18218D3B0072171F /* poodle.m */; };
		E20A495618218E560072171F /* dogFactory.m in Sources */ = {isa = PBXBuildFile; fileRef = E20A495518218E560072171F /* dogFactory.m */; };
		E252DC211821B7FB00B1137E /* Default-568h@2x.png in Resources */ = {isa = PBXBuildFile; fileRef = E252DC201821B7FB00B1137E /* Default-568h@2x.png */; };
/* End PBXBuildFile section */

/* Begin PBXContainerItemProxy section */
		E20A493318218C600072171F /* PBXContainerItemProxy */ = {
			isa = PBXContainerItemProxy;
			containerPortal = E20A490218218C600072171F /* Project object */;
			proxyType = 1;
			remoteGlobalIDString = E20A490918218C600072171F;
			remoteInfo = Warren_Robert_Week1_1311;
		};
/* End PBXContainerItemProxy section */

/* Begin PBXFileReference section */
		E20A490A18218C600072171F /* Warren_Robert_Week1_1311.app */ = {isa = PBXFileReference; explicitFileType = wrapper.application; includeInIndex = 0; path = Warren_Robert_Week1_1311.app; sourceTree = BUILT_PRODUCTS_DIR; };
		E20A490D18218C600072171F /* Foundation.framework */ = {isa = PBXFileReference; lastKnownFileType = wrapper.framework; name = Foundation.framework; path = System/Library/Frameworks/Foundation.framework; sourceTree = SDKROOT; };
		E20A490F18218C600072171F /* CoreGraphics.framework */ = {isa = PBXFileReference; lastKnownFileType = wrapper.framework; name = CoreGraphics.framework; path = System/Library/Frameworks/CoreGraphics.framework; sourceTree = SDKROOT; };
		E20A491118218C600072171F /* UIKit.framework */ = {isa = PBXFileReference; lastKnownFileType = wrapper.framework; name = UIKit.framework; path = System/Library/Frameworks/UIKit.framework; sourceTree = SDKROOT; };
		E20A491518218C600072171F /* Warren_Robert_Week1_1311-Info.plist */ = {isa = PBXFileReference; lastKnownFileType = text.plist.xml; path = "Warren_Robert_Week1_1311-Info.plist"; sourceTree = "<group>"; };
		E20A491718218C600072171F /* en */ = {isa = PBXFileReference; lastKnownFileType = text.plist.strings; name = en; path = en.lproj/InfoPlist.strings; sourceTree = "<group>"; };
		E20A491918218C600072171F /* main.m */ = {isa = PBXFileReference; lastKnownFileType = sourcecode.c.objc; path = main.m; sourceTree = "<group>"; };
		E20A491B18218C600072171F /* Warren_Robert_Week1_1311-Prefix.pch */ = {isa = PBXFileReference; lastKnownFileType = sourcecode.c.h; path = "Warren_Robert_Week1_1311-Prefix.pch"; sourceTree = "<group>"; };
		E20A491C18218C600072171F /* AppDelegate.h */ = {isa = PBXFileReference; lastKnownFileType = sourcecode.c.h; path = AppDelegate.h; sourceTree = "<group>"; };
		E20A491D18218C600072171F /* AppDelegate.m */ = {isa = PBXFileReference; lastKnownFileType = sourcecode.c.objc; path = AppDelegate.m; sourceTree = "<group>"; };
		E20A492018218C600072171F /* Base */ = {isa = PBXFileReference; lastKnownFileType = file.storyboard; name = Base; path = Base.lproj/Main_iPhone.storyboard; sourceTree = "<group>"; };
		E20A492318218C600072171F /* Base */ = {isa = PBXFileReference; lastKnownFileType = file.storyboard; name = Base; path = Base.lproj/Main_iPad.storyboard; sourceTree = "<group>"; };
		E20A492518218C600072171F /* ViewController.h */ = {isa = PBXFileReference; lastKnownFileType = sourcecode.c.h; path = ViewController.h; sourceTree = "<group>"; };
		E20A492618218C600072171F /* ViewController.m */ = {isa = PBXFileReference; lastKnownFileType = sourcecode.c.objc; path = ViewController.m; sourceTree = "<group>"; };
		E20A492818218C600072171F /* Images.xcassets */ = {isa = PBXFileReference; lastKnownFileType = folder.assetcatalog; path = Images.xcassets; sourceTree = "<group>"; };
		E20A492E18218C600072171F /* Warren_Robert_Week1_1311Tests.xctest */ = {isa = PBXFileReference; explicitFileType = wrapper.cfbundle; includeInIndex = 0; path = Warren_Robert_Week1_1311Tests.xctest; sourceTree = BUILT_PRODUCTS_DIR; };
		E20A492F18218C600072171F /* XCTest.framework */ = {isa = PBXFileReference; lastKnownFileType = wrapper.framework; name = XCTest.framework; path = Library/Frameworks/XCTest.framework; sourceTree = DEVELOPER_DIR; };
		E20A493718218C600072171F /* Warren_Robert_Week1_1311Tests-Info.plist */ = {isa = PBXFileReference; lastKnownFileType = text.plist.xml; path = "Warren_Robert_Week1_1311Tests-Info.plist"; sourceTree = "<group>"; };
		E20A493918218C600072171F /* en */ = {isa = PBXFileReference; lastKnownFileType = text.plist.strings; name = en; path = en.lproj/InfoPlist.strings; sourceTree = "<group>"; };
		E20A493B18218C600072171F /* Warren_Robert_Week1_1311Tests.m */ = {isa = PBXFileReference; lastKnownFileType = sourcecode.c.objc; path = Warren_Robert_Week1_1311Tests.m; sourceTree = "<group>"; };
		E20A494518218CE40072171F /* dogBase.h */ = {isa = PBXFileReference; fileEncoding = 4; lastKnownFileType = sourcecode.c.h; path = dogBase.h; sourceTree = "<group>"; };
		E20A494618218CE40072171F /* dogBase.m */ = {isa = PBXFileReference; fileEncoding = 4; lastKnownFileType = sourcecode.c.objc; path = dogBase.m; sourceTree = "<group>"; };
		E20A494818218D190072171F /* chihuahua.h */ = {isa = PBXFileReference; fileEncoding = 4; lastKnownFileType = sourcecode.c.h; path = chihuahua.h; sourceTree = "<group>"; };
		E20A494918218D190072171F /* chihuahua.m */ = {isa = PBXFileReference; fileEncoding = 4; lastKnownFileType = sourcecode.c.objc; path = chihuahua.m; sourceTree = "<group>"; };
		E20A494B18218D2A0072171F /* boxer.h */ = {isa = PBXFileReference; fileEncoding = 4; lastKnownFileType = sourcecode.c.h; path = boxer.h; sourceTree = "<group>"; };
		E20A494C18218D2A0072171F /* boxer.m */ = {isa = PBXFileReference; fileEncoding = 4; lastKnownFileType = sourcecode.c.objc; path = boxer.m; sourceTree = "<group>"; };
		E20A494E18218D3B0072171F /* poodle.h */ = {isa = PBXFileReference; fileEncoding = 4; lastKnownFileType = sourcecode.c.h; path = poodle.h; sourceTree = "<group>"; };
		E20A494F18218D3B0072171F /* poodle.m */ = {isa = PBXFileReference; fileEncoding = 4; lastKnownFileType = sourcecode.c.objc; path = poodle.m; sourceTree = "<group>"; };
		E20A495418218E560072171F /* dogFactory.h */ = {isa = PBXFileReference; fileEncoding = 4; lastKnownFileType = sourcecode.c.h; path = dogFactory.h; sourceTree = "<group>"; };
		E20A495518218E560072171F /* dogFactory.m */ = {isa = PBXFileReference; fileEncoding = 4; lastKnownFileType = sourcecode.c.objc; path = dogFactory.m; sourceTree = "<group>"; };
		E252DC201821B7FB00B1137E /* Default-568h@2x.png */ = {isa = PBXFileReference; lastKnownFileType = image.png; path = "Default-568h@2x.png"; sourceTree = "<group>"; };
/* End PBXFileReference section */

/* Begin PBXFrameworksBuildPhase section */
		E20A490718218C600072171F /* Frameworks */ = {
			isa = PBXFrameworksBuildPhase;
			buildActionMask = 2147483647;
			files = (
				E20A491018218C600072171F /* CoreGraphics.framework in Frameworks */,
				E20A491218218C600072171F /* UIKit.framework in Frameworks */,
				E20A490E18218C600072171F /* Foundation.framework in Frameworks */,
			);
			runOnlyForDeploymentPostprocessing = 0;
		};
		E20A492B18218C600072171F /* Frameworks */ = {
			isa = PBXFrameworksBuildPhase;
			buildActionMask = 2147483647;
			files = (
				E20A493018218C600072171F /* XCTest.framework in Frameworks */,
				E20A493218218C600072171F /* UIKit.framework in Frameworks */,
				E20A493118218C600072171F /* Foundation.framework in Frameworks */,
			);
			runOnlyForDeploymentPostprocessing = 0;
		};
/* End PBXFrameworksBuildPhase section */

/* Begin PBXGroup section */
		E20A490118218C600072171F = {
			isa = PBXGroup;
			children = (
				E252DC201821B7FB00B1137E /* Default-568h@2x.png */,
				E20A491318218C600072171F /* Warren_Robert_Week1_1311 */,
				E20A493518218C600072171F /* Warren_Robert_Week1_1311Tests */,
				E20A490C18218C600072171F /* Frameworks */,
				E20A490B18218C600072171F /* Products */,
			);
			sourceTree = "<group>";
		};
		E20A490B18218C600072171F /* Products */ = {
			isa = PBXGroup;
			children = (
				E20A490A18218C600072171F /* Warren_Robert_Week1_1311.app */,
				E20A492E18218C600072171F /* Warren_Robert_Week1_1311Tests.xctest */,
			);
			name = Products;
			sourceTree = "<group>";
		};
		E20A490C18218C600072171F /* Frameworks */ = {
			isa = PBXGroup;
			children = (
				E20A490D18218C600072171F /* Foundation.framework */,
				E20A490F18218C600072171F /* CoreGraphics.framework */,
				E20A491118218C600072171F /* UIKit.framework */,
				E20A492F18218C600072171F /* XCTest.framework */,
			);
			name = Frameworks;
			sourceTree = "<group>";
		};
		E20A491318218C600072171F /* Warren_Robert_Week1_1311 */ = {
			isa = PBXGroup;
			children = (
				E20A491C18218C600072171F /* AppDelegate.h */,
				E20A491D18218C600072171F /* AppDelegate.m */,
				E20A491F18218C600072171F /* Main_iPhone.storyboard */,
				E20A492218218C600072171F /* Main_iPad.storyboard */,
				E20A492518218C600072171F /* ViewController.h */,
				E20A492618218C600072171F /* ViewController.m */,
				E20A492818218C600072171F /* Images.xcassets */,
				E20A491418218C600072171F /* Supporting Files */,
				E20A494518218CE40072171F /* dogBase.h */,
				E20A494618218CE40072171F /* dogBase.m */,
				E20A494818218D190072171F /* chihuahua.h */,
				E20A494918218D190072171F /* chihuahua.m */,
				E20A494B18218D2A0072171F /* boxer.h */,
				E20A494C18218D2A0072171F /* boxer.m */,
				E20A494E18218D3B0072171F /* poodle.h */,
				E20A494F18218D3B0072171F /* poodle.m */,
				E20A495418218E560072171F /* dogFactory.h */,
				E20A495518218E560072171F /* dogFactory.m */,
			);
			path = Warren_Robert_Week1_1311;
			sourceTree = "<group>";
		};
		E20A491418218C600072171F /* Supporting Files */ = {
			isa = PBXGroup;
			children = (
				E20A491518218C600072171F /* Warren_Robert_Week1_1311-Info.plist */,
				E20A491618218C600072171F /* InfoPlist.strings */,
				E20A491918218C600072171F /* main.m */,
				E20A491B18218C600072171F /* Warren_Robert_Week1_1311-Prefix.pch */,
			);
			name = "Supporting Files";
			sourceTree = "<group>";
		};
		E20A493518218C600072171F /* Warren_Robert_Week1_1311Tests */ = {
			isa = PBXGroup;
			children = (
				E20A493B18218C600072171F /* Warren_Robert_Week1_1311Tests.m */,
				E20A493618218C600072171F /* Supporting Files */,
			);
			path = Warren_Robert_Week1_1311Tests;
			sourceTree = "<group>";
		};
		E20A493618218C600072171F /* Supporting Files */ = {
			isa = PBXGroup;
			children = (
				E20A493718218C600072171F /* Warren_Robert_Week1_1311Tests-Info.plist */,
				E20A493818218C600072171F /* InfoPlist.strings */,
			);
			name = "Supporting Files";
			sourceTree = "<group>";
		};
/* End PBXGroup section */

/* Begin PBXNativeTarget section */
		E20A490918218C600072171F /* Warren_Robert_Week1_1311 */ = {
			isa = PBXNativeTarget;
			buildConfigurationList = E20A493F18218C600072171F /* Build configuration list for PBXNativeTarget "Warren_Robert_Week1_1311" */;
			buildPhases = (
				E20A490618218C600072171F /* Sources */,
				E20A490718218C600072171F /* Frameworks */,
				E20A490818218C600072171F /* Resources */,
			);
			buildRules = (
			);
			dependencies = (
			);
			name = Warren_Robert_Week1_1311;
			productName = Warren_Robert_Week1_1311;
			productReference = E20A490A18218C600072171F /* Warren_Robert_Week1_1311.app */;
			productType = "com.apple.product-type.application";
		};
		E20A492D18218C600072171F /* Warren_Robert_Week1_1311Tests */ = {
			isa = PBXNativeTarget;
			buildConfigurationList = E20A494218218C600072171F /* Build configuration list for PBXNativeTarget "Warren_Robert_Week1_1311Tests" */;
			buildPhases = (
				E20A492A18218C600072171F /* Sources */,
				E20A492B18218C600072171F /* Frameworks */,
				E20A492C18218C600072171F /* Resources */,
			);
			buildRules = (
			);
			dependencies = (
				E20A493418218C600072171F /* PBXTargetDependency */,
			);
			name = Warren_Robert_Week1_1311Tests;
			productName = Warren_Robert_Week1_1311Tests;
			productReference = E20A492E18218C600072171F /* Warren_Robert_Week1_1311Tests.xctest */;
			productType = "com.apple.product-type.bundle.unit-test";
		};
/* End PBXNativeTarget section */

/* Begin PBXProject section */
		E20A490218218C600072171F /* Project object */ = {
			isa = PBXProject;
			attributes = {
				LastUpgradeCheck = 0500;
				ORGANIZATIONNAME = "Robert Warren";
				TargetAttributes = {
					E20A492D18218C600072171F = {
						TestTargetID = E20A490918218C600072171F;
					};
				};
			};
			buildConfigurationList = E20A490518218C600072171F /* Build configuration list for PBXProject "Warren_Robert_Week1_1311" */;
			compatibilityVersion = "Xcode 3.2";
			developmentRegion = English;
			hasScannedForEncodings = 0;
			knownRegions = (
				en,
				Base,
			);
			mainGroup = E20A490118218C600072171F;
			productRefGroup = E20A490B18218C600072171F /* Products */;
			projectDirPath = "";
			projectRoot = "";
			targets = (
				E20A490918218C600072171F /* Warren_Robert_Week1_1311 */,
				E20A492D18218C600072171F /* Warren_Robert_Week1_1311Tests */,
			);
		};
/* End PBXProject section */

/* Begin PBXResourcesBuildPhase section */
		E20A490818218C600072171F /* Resources */ = {
			isa = PBXResourcesBuildPhase;
			buildActionMask = 2147483647;
			files = (
				E20A492418218C600072171F /* Main_iPad.storyboard in Resources */,
				E20A492918218C600072171F /* Images.xcassets in Resources */,
				E20A492118218C600072171F /* Main_iPhone.storyboard in Resources */,
				E20A491818218C600072171F /* InfoPlist.strings in Resources */,
				E252DC211821B7FB00B1137E /* Default-568h@2x.png in Resources */,
			);
			runOnlyForDeploymentPostprocessing = 0;
		};
		E20A492C18218C600072171F /* Resources */ = {
			isa = PBXResourcesBuildPhase;
			buildActionMask = 2147483647;
			files = (
				E20A493A18218C600072171F /* InfoPlist.strings in Resources */,
			);
			runOnlyForDeploymentPostprocessing = 0;
		};
/* End PBXResourcesBuildPhase section */

/* Begin PBXSourcesBuildPhase section */
		E20A490618218C600072171F /* Sources */ = {
			isa = PBXSourcesBuildPhase;
			buildActionMask = 2147483647;
			files = (
				E20A494D18218D2A0072171F /* boxer.m in Sources */,
				E20A495618218E560072171F /* dogFactory.m in Sources */,
				E20A492718218C600072171F /* ViewController.m in Sources */,
				E20A494A18218D190072171F /* chihuahua.m in Sources */,
				E20A494718218CE40072171F /* dogBase.m in Sources */,
				E20A491E18218C600072171F /* AppDelegate.m in Sources */,
				E20A491A18218C600072171F /* main.m in Sources */,
				E20A495018218D3B0072171F /* poodle.m in Sources */,
			);
			runOnlyForDeploymentPostprocessing = 0;
		};
		E20A492A18218C600072171F /* Sources */ = {
			isa = PBXSourcesBuildPhase;
			buildActionMask = 2147483647;
			files = (
				E20A493C18218C600072171F /* Warren_Robert_Week1_1311Tests.m in Sources */,
			);
			runOnlyForDeploymentPostprocessing = 0;
		};
/* End PBXSourcesBuildPhase section */

/* Begin PBXTargetDependency section */
		E20A493418218C600072171F /* PBXTargetDependency */ = {
			isa = PBXTargetDependency;
			target = E20A490918218C600072171F /* Warren_Robert_Week1_1311 */;
			targetProxy = E20A493318218C600072171F /* PBXContainerItemProxy */;
		};
/* End PBXTargetDependency section */

/* Begin PBXVariantGroup section */
		E20A491618218C600072171F /* InfoPlist.strings */ = {
			isa = PBXVariantGroup;
			children = (
				E20A491718218C600072171F /* en */,
			);
			name = InfoPlist.strings;
			sourceTree = "<group>";
		};
		E20A491F18218C600072171F /* Main_iPhone.storyboard */ = {
			isa = PBXVariantGroup;
			children = (
				E20A492018218C600072171F /* Base */,
			);
			name = Main_iPhone.storyboard;
			sourceTree = "<group>";
		};
		E20A492218218C600072171F /* Main_iPad.storyboard */ = {
			isa = PBXVariantGroup;
			children = (
				E20A492318218C600072171F /* Base */,
			);
			name = Main_iPad.storyboard;
			sourceTree = "<group>";
		};
		E20A493818218C600072171F /* InfoPlist.strings */ = {
			isa = PBXVariantGroup;
			children = (
				E20A493918218C600072171F /* en */,
			);
			name = InfoPlist.strings;
			sourceTree = "<group>";
		};
/* End PBXVariantGroup section */

/* Begin XCBuildConfiguration section */
		E20A493D18218C600072171F /* Debug */ = {
			isa = XCBuildConfiguration;
			buildSettings = {
				ALWAYS_SEARCH_USER_PATHS = NO;
				ARCHS = "$(ARCHS_STANDARD_INCLUDING_64_BIT)";
				CLANG_CXX_LANGUAGE_STANDARD = "gnu++0x";
				CLANG_CXX_LIBRARY = "libc++";
				CLANG_ENABLE_MODULES = YES;
				CLANG_ENABLE_OBJC_ARC = YES;
				CLANG_WARN_BOOL_CONVERSION = YES;
				CLANG_WARN_CONSTANT_CONVERSION = YES;
				CLANG_WARN_DIRECT_OBJC_ISA_USAGE = YES_ERROR;
				CLANG_WARN_EMPTY_BODY = YES;
				CLANG_WARN_ENUM_CONVERSION = YES;
				CLANG_WARN_INT_CONVERSION = YES;
				CLANG_WARN_OBJC_ROOT_CLASS = YES_ERROR;
				CLANG_WARN__DUPLICATE_METHOD_MATCH = YES;
				"CODE_SIGN_IDENTITY[sdk=iphoneos*]" = "iPhone Developer";
				COPY_PHASE_STRIP = NO;
				GCC_C_LANGUAGE_STANDARD = gnu99;
				GCC_DYNAMIC_NO_PIC = NO;
				GCC_OPTIMIZATION_LEVEL = 0;
				GCC_PREPROCESSOR_DEFINITIONS = (
					"DEBUG=1",
					"$(inherited)",
				);
				GCC_SYMBOLS_PRIVATE_EXTERN = NO;
				GCC_WARN_64_TO_32_BIT_CONVERSION = YES;
				GCC_WARN_ABOUT_RETURN_TYPE = YES_ERROR;
				GCC_WARN_UNDECLARED_SELECTOR = YES;
				GCC_WARN_UNINITIALIZED_AUTOS = YES;
				GCC_WARN_UNUSED_FUNCTION = YES;
				GCC_WARN_UNUSED_VARIABLE = YES;
				IPHONEOS_DEPLOYMENT_TARGET = 7.0;
				ONLY_ACTIVE_ARCH = YES;
				SDKROOT = iphoneos;
				TARGETED_DEVICE_FAMILY = "1,2";
			};
			name = Debug;
		};
		E20A493E18218C600072171F /* Release */ = {
			isa = XCBuildConfiguration;
			buildSettings = {
				ALWAYS_SEARCH_USER_PATHS = NO;
				ARCHS = "$(ARCHS_STANDARD_INCLUDING_64_BIT)";
				CLANG_CXX_LANGUAGE_STANDARD = "gnu++0x";
				CLANG_CXX_LIBRARY = "libc++";
				CLANG_ENABLE_MODULES = YES;
				CLANG_ENABLE_OBJC_ARC = YES;
				CLANG_WARN_BOOL_CONVERSION = YES;
				CLANG_WARN_CONSTANT_CONVERSION = YES;
				CLANG_WARN_DIRECT_OBJC_ISA_USAGE = YES_ERROR;
				CLANG_WARN_EMPTY_BODY = YES;
				CLANG_WARN_ENUM_CONVERSION = YES;
				CLANG_WARN_INT_CONVERSION = YES;
				CLANG_WARN_OBJC_ROOT_CLASS = YES_ERROR;
				CLANG_WARN__DUPLICATE_METHOD_MATCH = YES;
				"CODE_SIGN_IDENTITY[sdk=iphoneos*]" = "iPhone Developer";
				COPY_PHASE_STRIP = YES;
				ENABLE_NS_ASSERTIONS = NO;
				GCC_C_LANGUAGE_STANDARD = gnu99;
				GCC_WARN_64_TO_32_BIT_CONVERSION = YES;
				GCC_WARN_ABOUT_RETURN_TYPE = YES_ERROR;
				GCC_WARN_UNDECLARED_SELECTOR = YES;
				GCC_WARN_UNINITIALIZED_AUTOS = YES;
				GCC_WARN_UNUSED_FUNCTION = YES;
				GCC_WARN_UNUSED_VARIABLE = YES;
				IPHONEOS_DEPLOYMENT_TARGET = 7.0;
				SDKROOT = iphoneos;
				TARGETED_DEVICE_FAMILY = "1,2";
				VALIDATE_PRODUCT = YES;
			};
			name = Release;
		};
		E20A494018218C600072171F /* Debug */ = {
			isa = XCBuildConfiguration;
			buildSettings = {
				ASSETCATALOG_COMPILER_APPICON_NAME = AppIcon;
				ASSETCATALOG_COMPILER_LAUNCHIMAGE_NAME = LaunchImage;
				GCC_PRECOMPILE_PREFIX_HEADER = YES;
				GCC_PREFIX_HEADER = "Warren_Robert_Week1_1311/Warren_Robert_Week1_1311-Prefix.pch";
				INFOPLIST_FILE = "Warren_Robert_Week1_1311/Warren_Robert_Week1_1311-Info.plist";
				IPHONEOS_DEPLOYMENT_TARGET = 6.0;
				PRODUCT_NAME = "$(TARGET_NAME)";
				TARGETED_DEVICE_FAMILY = 1;
				WRAPPER_EXTENSION = app;
			};
			name = Debug;
		};
		E20A494118218C600072171F /* Release */ = {
			isa = XCBuildConfiguration;
			buildSettings = {
				ASSETCATALOG_COMPILER_APPICON_NAME = AppIcon;
				ASSETCATALOG_COMPILER_LAUNCHIMAGE_NAME = LaunchImage;
				GCC_PRECOMPILE_PREFIX_HEADER = YES;
				GCC_PREFIX_HEADER = "Warren_Robert_Week1_1311/Warren_Robert_Week1_1311-Prefix.pch";
				INFOPLIST_FILE = "Warren_Robert_Week1_1311/Warren_Robert_Week1_1311-Info.plist";
				IPHONEOS_DEPLOYMENT_TARGET = 6.0;
				PRODUCT_NAME = "$(TARGET_NAME)";
				TARGETED_DEVICE_FAMILY = 1;
				WRAPPER_EXTENSION = app;
			};
			name = Release;
		};
		E20A494318218C600072171F /* Debug */ = {
			isa = XCBuildConfiguration;
			buildSettings = {
				ARCHS = "$(ARCHS_STANDARD_INCLUDING_64_BIT)";
				BUNDLE_LOADER = "$(BUILT_PRODUCTS_DIR)/Warren_Robert_Week1_1311.app/Warren_Robert_Week1_1311";
				FRAMEWORK_SEARCH_PATHS = (
					"$(SDKROOT)/Developer/Library/Frameworks",
					"$(inherited)",
					"$(DEVELOPER_FRAMEWORKS_DIR)",
				);
				GCC_PRECOMPILE_PREFIX_HEADER = YES;
				GCC_PREFIX_HEADER = "Warren_Robert_Week1_1311/Warren_Robert_Week1_1311-Prefix.pch";
				GCC_PREPROCESSOR_DEFINITIONS = (
					"DEBUG=1",
					"$(inherited)",
				);
				INFOPLIST_FILE = "Warren_Robert_Week1_1311Tests/Warren_Robert_Week1_1311Tests-Info.plist";
				IPHONEOS_DEPLOYMENT_TARGET = 6.0;
				PRODUCT_NAME = "$(TARGET_NAME)";
				TEST_HOST = "$(BUNDLE_LOADER)";
				WRAPPER_EXTENSION = xctest;
			};
			name = Debug;
		};
		E20A494418218C600072171F /* Release */ = {
			isa = XCBuildConfiguration;
			buildSettings = {
				ARCHS = "$(ARCHS_STANDARD_INCLUDING_64_BIT)";
				BUNDLE_LOADER = "$(BUILT_PRODUCTS_DIR)/Warren_Robert_Week1_1311.app/Warren_Robert_Week1_1311";
				FRAMEWORK_SEARCH_PATHS = (
					"$(SDKROOT)/Developer/Library/Frameworks",
					"$(inherited)",
					"$(DEVELOPER_FRAMEWORKS_DIR)",
				);
				GCC_PRECOMPILE_PREFIX_HEADER = YES;
				GCC_PREFIX_HEADER = "Warren_Robert_Week1_1311/Warren_Robert_Week1_1311-Prefix.pch";
				INFOPLIST_FILE = "Warren_Robert_Week1_1311Tests/Warren_Robert_Week1_1311Tests-Info.plist";
				IPHONEOS_DEPLOYMENT_TARGET = 6.0;
				PRODUCT_NAME = "$(TARGET_NAME)";
				TEST_HOST = "$(BUNDLE_LOADER)";
				WRAPPER_EXTENSION = xctest;
			};
			name = Release;
		};
/* End XCBuildConfiguration section */

/* Begin XCConfigurationList section */
		E20A490518218C600072171F /* Build configuration list for PBXProject "Warren_Robert_Week1_1311" */ = {
			isa = XCConfigurationList;
			buildConfigurations = (
				E20A493D18218C600072171F /* Debug */,
				E20A493E18218C600072171F /* Release */,
			);
			defaultConfigurationIsVisible = 0;
			defaultConfigurationName = Release;
		};
		E20A493F18218C600072171F /* Build configuration list for PBXNativeTarget "Warren_Robert_Week1_1311" */ = {
			isa = XCConfigurationList;
			buildConfigurations = (
				E20A494018218C600072171F /* Debug */,
				E20A494118218C600072171F /* Release */,
			);
			defaultConfigurationIsVisible = 0;
			defaultConfigurationName = Release;
		};
		E20A494218218C600072171F /* Build configuration list for PBXNativeTarget "Warren_Robert_Week1_1311Tests" */ = {
			isa = XCConfigurationList;
			buildConfigurations = (
				E20A494318218C600072171F /* Debug */,
				E20A494418218C600072171F /* Release */,
			);
			defaultConfigurationIsVisible = 0;
			defaultConfigurationName = Release;
		};
/* End XCConfigurationList section */
	};
	rootObject = E20A490218218C600072171F /* Project object */;
}
