// !$*UTF8*$!
{
	archiveVersion = 1;
	classes = {
	};
	objectVersion = 46;
	objects = {

/* Begin PBXBuildFile section */
		E2EDD1A5182063C100D7D97E /* Foundation.framework in Frameworks */ = {isa = PBXBuildFile; fileRef = E2EDD1A4182063C100D7D97E /* Foundation.framework */; };
		E2EDD1A7182063C100D7D97E /* CoreGraphics.framework in Frameworks */ = {isa = PBXBuildFile; fileRef = E2EDD1A6182063C100D7D97E /* CoreGraphics.framework */; };
		E2EDD1A9182063C100D7D97E /* UIKit.framework in Frameworks */ = {isa = PBXBuildFile; fileRef = E2EDD1A8182063C100D7D97E /* UIKit.framework */; };
		E2EDD1AF182063C100D7D97E /* InfoPlist.strings in Resources */ = {isa = PBXBuildFile; fileRef = E2EDD1AD182063C100D7D97E /* InfoPlist.strings */; };
		E2EDD1B1182063C100D7D97E /* main.m in Sources */ = {isa = PBXBuildFile; fileRef = E2EDD1B0182063C100D7D97E /* main.m */; };
		E2EDD1B5182063C100D7D97E /* AppDelegate.m in Sources */ = {isa = PBXBuildFile; fileRef = E2EDD1B4182063C100D7D97E /* AppDelegate.m */; };
		E2EDD1B8182063C100D7D97E /* Main_iPhone.storyboard in Resources */ = {isa = PBXBuildFile; fileRef = E2EDD1B6182063C100D7D97E /* Main_iPhone.storyboard */; };
		E2EDD1BB182063C100D7D97E /* Main_iPad.storyboard in Resources */ = {isa = PBXBuildFile; fileRef = E2EDD1B9182063C100D7D97E /* Main_iPad.storyboard */; };
		E2EDD1BE182063C100D7D97E /* ViewController.m in Sources */ = {isa = PBXBuildFile; fileRef = E2EDD1BD182063C100D7D97E /* ViewController.m */; };
		E2EDD1C0182063C100D7D97E /* Images.xcassets in Resources */ = {isa = PBXBuildFile; fileRef = E2EDD1BF182063C100D7D97E /* Images.xcassets */; };
		E2EDD1C7182063C100D7D97E /* XCTest.framework in Frameworks */ = {isa = PBXBuildFile; fileRef = E2EDD1C6182063C100D7D97E /* XCTest.framework */; };
		E2EDD1C8182063C100D7D97E /* Foundation.framework in Frameworks */ = {isa = PBXBuildFile; fileRef = E2EDD1A4182063C100D7D97E /* Foundation.framework */; };
		E2EDD1C9182063C100D7D97E /* UIKit.framework in Frameworks */ = {isa = PBXBuildFile; fileRef = E2EDD1A8182063C100D7D97E /* UIKit.framework */; };
		E2EDD1D1182063C100D7D97E /* InfoPlist.strings in Resources */ = {isa = PBXBuildFile; fileRef = E2EDD1CF182063C100D7D97E /* InfoPlist.strings */; };
		E2EDD1D3182063C100D7D97E /* W1P2Tests.m in Sources */ = {isa = PBXBuildFile; fileRef = E2EDD1D2182063C100D7D97E /* W1P2Tests.m */; };
		E2EDD1DE182066B000D7D97E /* shape.m in Sources */ = {isa = PBXBuildFile; fileRef = E2EDD1DD182066B000D7D97E /* shape.m */; };
		E2EDD1E11820735800D7D97E /* triangle.m in Sources */ = {isa = PBXBuildFile; fileRef = E2EDD1E01820735800D7D97E /* triangle.m */; };
		E2EDD1E41820736600D7D97E /* square.m in Sources */ = {isa = PBXBuildFile; fileRef = E2EDD1E31820736600D7D97E /* square.m */; };
/* End PBXBuildFile section */

/* Begin PBXContainerItemProxy section */
		E2EDD1CA182063C100D7D97E /* PBXContainerItemProxy */ = {
			isa = PBXContainerItemProxy;
			containerPortal = E2EDD199182063C100D7D97E /* Project object */;
			proxyType = 1;
			remoteGlobalIDString = E2EDD1A0182063C100D7D97E;
			remoteInfo = W1P2;
		};
/* End PBXContainerItemProxy section */

/* Begin PBXFileReference section */
		E2EDD1A1182063C100D7D97E /* W1P2.app */ = {isa = PBXFileReference; explicitFileType = wrapper.application; includeInIndex = 0; path = W1P2.app; sourceTree = BUILT_PRODUCTS_DIR; };
		E2EDD1A4182063C100D7D97E /* Foundation.framework */ = {isa = PBXFileReference; lastKnownFileType = wrapper.framework; name = Foundation.framework; path = System/Library/Frameworks/Foundation.framework; sourceTree = SDKROOT; };
		E2EDD1A6182063C100D7D97E /* CoreGraphics.framework */ = {isa = PBXFileReference; lastKnownFileType = wrapper.framework; name = CoreGraphics.framework; path = System/Library/Frameworks/CoreGraphics.framework; sourceTree = SDKROOT; };
		E2EDD1A8182063C100D7D97E /* UIKit.framework */ = {isa = PBXFileReference; lastKnownFileType = wrapper.framework; name = UIKit.framework; path = System/Library/Frameworks/UIKit.framework; sourceTree = SDKROOT; };
		E2EDD1AC182063C100D7D97E /* W1P2-Info.plist */ = {isa = PBXFileReference; lastKnownFileType = text.plist.xml; path = "W1P2-Info.plist"; sourceTree = "<group>"; };
		E2EDD1AE182063C100D7D97E /* en */ = {isa = PBXFileReference; lastKnownFileType = text.plist.strings; name = en; path = en.lproj/InfoPlist.strings; sourceTree = "<group>"; };
		E2EDD1B0182063C100D7D97E /* main.m */ = {isa = PBXFileReference; lastKnownFileType = sourcecode.c.objc; path = main.m; sourceTree = "<group>"; };
		E2EDD1B2182063C100D7D97E /* W1P2-Prefix.pch */ = {isa = PBXFileReference; lastKnownFileType = sourcecode.c.h; path = "W1P2-Prefix.pch"; sourceTree = "<group>"; };
		E2EDD1B3182063C100D7D97E /* AppDelegate.h */ = {isa = PBXFileReference; lastKnownFileType = sourcecode.c.h; path = AppDelegate.h; sourceTree = "<group>"; };
		E2EDD1B4182063C100D7D97E /* AppDelegate.m */ = {isa = PBXFileReference; lastKnownFileType = sourcecode.c.objc; path = AppDelegate.m; sourceTree = "<group>"; };
		E2EDD1B7182063C100D7D97E /* Base */ = {isa = PBXFileReference; lastKnownFileType = file.storyboard; name = Base; path = Base.lproj/Main_iPhone.storyboard; sourceTree = "<group>"; };
		E2EDD1BA182063C100D7D97E /* Base */ = {isa = PBXFileReference; lastKnownFileType = file.storyboard; name = Base; path = Base.lproj/Main_iPad.storyboard; sourceTree = "<group>"; };
		E2EDD1BC182063C100D7D97E /* ViewController.h */ = {isa = PBXFileReference; lastKnownFileType = sourcecode.c.h; path = ViewController.h; sourceTree = "<group>"; };
		E2EDD1BD182063C100D7D97E /* ViewController.m */ = {isa = PBXFileReference; lastKnownFileType = sourcecode.c.objc; path = ViewController.m; sourceTree = "<group>"; };
		E2EDD1BF182063C100D7D97E /* Images.xcassets */ = {isa = PBXFileReference; lastKnownFileType = folder.assetcatalog; path = Images.xcassets; sourceTree = "<group>"; };
		E2EDD1C5182063C100D7D97E /* W1P2Tests.xctest */ = {isa = PBXFileReference; explicitFileType = wrapper.cfbundle; includeInIndex = 0; path = W1P2Tests.xctest; sourceTree = BUILT_PRODUCTS_DIR; };
		E2EDD1C6182063C100D7D97E /* XCTest.framework */ = {isa = PBXFileReference; lastKnownFileType = wrapper.framework; name = XCTest.framework; path = Library/Frameworks/XCTest.framework; sourceTree = DEVELOPER_DIR; };
		E2EDD1CE182063C100D7D97E /* W1P2Tests-Info.plist */ = {isa = PBXFileReference; lastKnownFileType = text.plist.xml; path = "W1P2Tests-Info.plist"; sourceTree = "<group>"; };
		E2EDD1D0182063C100D7D97E /* en */ = {isa = PBXFileReference; lastKnownFileType = text.plist.strings; name = en; path = en.lproj/InfoPlist.strings; sourceTree = "<group>"; };
		E2EDD1D2182063C100D7D97E /* W1P2Tests.m */ = {isa = PBXFileReference; lastKnownFileType = sourcecode.c.objc; path = W1P2Tests.m; sourceTree = "<group>"; };
		E2EDD1DC182066B000D7D97E /* shape.h */ = {isa = PBXFileReference; fileEncoding = 4; lastKnownFileType = sourcecode.c.h; path = shape.h; sourceTree = "<group>"; };
		E2EDD1DD182066B000D7D97E /* shape.m */ = {isa = PBXFileReference; fileEncoding = 4; lastKnownFileType = sourcecode.c.objc; path = shape.m; sourceTree = "<group>"; };
		E2EDD1DF1820735800D7D97E /* triangle.h */ = {isa = PBXFileReference; fileEncoding = 4; lastKnownFileType = sourcecode.c.h; path = triangle.h; sourceTree = "<group>"; };
		E2EDD1E01820735800D7D97E /* triangle.m */ = {isa = PBXFileReference; fileEncoding = 4; lastKnownFileType = sourcecode.c.objc; path = triangle.m; sourceTree = "<group>"; };
		E2EDD1E21820736600D7D97E /* square.h */ = {isa = PBXFileReference; fileEncoding = 4; lastKnownFileType = sourcecode.c.h; path = square.h; sourceTree = "<group>"; };
		E2EDD1E31820736600D7D97E /* square.m */ = {isa = PBXFileReference; fileEncoding = 4; lastKnownFileType = sourcecode.c.objc; path = square.m; sourceTree = "<group>"; };
/* End PBXFileReference section */

/* Begin PBXFrameworksBuildPhase section */
		E2EDD19E182063C100D7D97E /* Frameworks */ = {
			isa = PBXFrameworksBuildPhase;
			buildActionMask = 2147483647;
			files = (
				E2EDD1A7182063C100D7D97E /* CoreGraphics.framework in Frameworks */,
				E2EDD1A9182063C100D7D97E /* UIKit.framework in Frameworks */,
				E2EDD1A5182063C100D7D97E /* Foundation.framework in Frameworks */,
			);
			runOnlyForDeploymentPostprocessing = 0;
		};
		E2EDD1C2182063C100D7D97E /* Frameworks */ = {
			isa = PBXFrameworksBuildPhase;
			buildActionMask = 2147483647;
			files = (
				E2EDD1C7182063C100D7D97E /* XCTest.framework in Frameworks */,
				E2EDD1C9182063C100D7D97E /* UIKit.framework in Frameworks */,
				E2EDD1C8182063C100D7D97E /* Foundation.framework in Frameworks */,
			);
			runOnlyForDeploymentPostprocessing = 0;
		};
/* End PBXFrameworksBuildPhase section */

/* Begin PBXGroup section */
		E2EDD198182063C100D7D97E = {
			isa = PBXGroup;
			children = (
				E2EDD1AA182063C100D7D97E /* W1P2 */,
				E2EDD1CC182063C100D7D97E /* W1P2Tests */,
				E2EDD1A3182063C100D7D97E /* Frameworks */,
				E2EDD1A2182063C100D7D97E /* Products */,
			);
			sourceTree = "<group>";
		};
		E2EDD1A2182063C100D7D97E /* Products */ = {
			isa = PBXGroup;
			children = (
				E2EDD1A1182063C100D7D97E /* W1P2.app */,
				E2EDD1C5182063C100D7D97E /* W1P2Tests.xctest */,
			);
			name = Products;
			sourceTree = "<group>";
		};
		E2EDD1A3182063C100D7D97E /* Frameworks */ = {
			isa = PBXGroup;
			children = (
				E2EDD1A4182063C100D7D97E /* Foundation.framework */,
				E2EDD1A6182063C100D7D97E /* CoreGraphics.framework */,
				E2EDD1A8182063C100D7D97E /* UIKit.framework */,
				E2EDD1C6182063C100D7D97E /* XCTest.framework */,
			);
			name = Frameworks;
			sourceTree = "<group>";
		};
		E2EDD1AA182063C100D7D97E /* W1P2 */ = {
			isa = PBXGroup;
			children = (
				E2EDD1B3182063C100D7D97E /* AppDelegate.h */,
				E2EDD1B4182063C100D7D97E /* AppDelegate.m */,
				E2EDD1B6182063C100D7D97E /* Main_iPhone.storyboard */,
				E2EDD1B9182063C100D7D97E /* Main_iPad.storyboard */,
				E2EDD1BC182063C100D7D97E /* ViewController.h */,
				E2EDD1BD182063C100D7D97E /* ViewController.m */,
				E2EDD1BF182063C100D7D97E /* Images.xcassets */,
				E2EDD1AB182063C100D7D97E /* Supporting Files */,
				E2EDD1DC182066B000D7D97E /* shape.h */,
				E2EDD1DD182066B000D7D97E /* shape.m */,
				E2EDD1DF1820735800D7D97E /* triangle.h */,
				E2EDD1E01820735800D7D97E /* triangle.m */,
				E2EDD1E21820736600D7D97E /* square.h */,
				E2EDD1E31820736600D7D97E /* square.m */,
			);
			path = W1P2;
			sourceTree = "<group>";
		};
		E2EDD1AB182063C100D7D97E /* Supporting Files */ = {
			isa = PBXGroup;
			children = (
				E2EDD1AC182063C100D7D97E /* W1P2-Info.plist */,
				E2EDD1AD182063C100D7D97E /* InfoPlist.strings */,
				E2EDD1B0182063C100D7D97E /* main.m */,
				E2EDD1B2182063C100D7D97E /* W1P2-Prefix.pch */,
			);
			name = "Supporting Files";
			sourceTree = "<group>";
		};
		E2EDD1CC182063C100D7D97E /* W1P2Tests */ = {
			isa = PBXGroup;
			children = (
				E2EDD1D2182063C100D7D97E /* W1P2Tests.m */,
				E2EDD1CD182063C100D7D97E /* Supporting Files */,
			);
			path = W1P2Tests;
			sourceTree = "<group>";
		};
		E2EDD1CD182063C100D7D97E /* Supporting Files */ = {
			isa = PBXGroup;
			children = (
				E2EDD1CE182063C100D7D97E /* W1P2Tests-Info.plist */,
				E2EDD1CF182063C100D7D97E /* InfoPlist.strings */,
			);
			name = "Supporting Files";
			sourceTree = "<group>";
		};
/* End PBXGroup section */

/* Begin PBXNativeTarget section */
		E2EDD1A0182063C100D7D97E /* W1P2 */ = {
			isa = PBXNativeTarget;
			buildConfigurationList = E2EDD1D6182063C100D7D97E /* Build configuration list for PBXNativeTarget "W1P2" */;
			buildPhases = (
				E2EDD19D182063C100D7D97E /* Sources */,
				E2EDD19E182063C100D7D97E /* Frameworks */,
				E2EDD19F182063C100D7D97E /* Resources */,
			);
			buildRules = (
			);
			dependencies = (
			);
			name = W1P2;
			productName = W1P2;
			productReference = E2EDD1A1182063C100D7D97E /* W1P2.app */;
			productType = "com.apple.product-type.application";
		};
		E2EDD1C4182063C100D7D97E /* W1P2Tests */ = {
			isa = PBXNativeTarget;
			buildConfigurationList = E2EDD1D9182063C100D7D97E /* Build configuration list for PBXNativeTarget "W1P2Tests" */;
			buildPhases = (
				E2EDD1C1182063C100D7D97E /* Sources */,
				E2EDD1C2182063C100D7D97E /* Frameworks */,
				E2EDD1C3182063C100D7D97E /* Resources */,
			);
			buildRules = (
			);
			dependencies = (
				E2EDD1CB182063C100D7D97E /* PBXTargetDependency */,
			);
			name = W1P2Tests;
			productName = W1P2Tests;
			productReference = E2EDD1C5182063C100D7D97E /* W1P2Tests.xctest */;
			productType = "com.apple.product-type.bundle.unit-test";
		};
/* End PBXNativeTarget section */

/* Begin PBXProject section */
		E2EDD199182063C100D7D97E /* Project object */ = {
			isa = PBXProject;
			attributes = {
				LastUpgradeCheck = 0500;
				ORGANIZATIONNAME = "Robert Warren";
				TargetAttributes = {
					E2EDD1C4182063C100D7D97E = {
						TestTargetID = E2EDD1A0182063C100D7D97E;
					};
				};
			};
			buildConfigurationList = E2EDD19C182063C100D7D97E /* Build configuration list for PBXProject "W1P2" */;
			compatibilityVersion = "Xcode 3.2";
			developmentRegion = English;
			hasScannedForEncodings = 0;
			knownRegions = (
				en,
				Base,
			);
			mainGroup = E2EDD198182063C100D7D97E;
			productRefGroup = E2EDD1A2182063C100D7D97E /* Products */;
			projectDirPath = "";
			projectRoot = "";
			targets = (
				E2EDD1A0182063C100D7D97E /* W1P2 */,
				E2EDD1C4182063C100D7D97E /* W1P2Tests */,
			);
		};
/* End PBXProject section */

/* Begin PBXResourcesBuildPhase section */
		E2EDD19F182063C100D7D97E /* Resources */ = {
			isa = PBXResourcesBuildPhase;
			buildActionMask = 2147483647;
			files = (
				E2EDD1BB182063C100D7D97E /* Main_iPad.storyboard in Resources */,
				E2EDD1C0182063C100D7D97E /* Images.xcassets in Resources */,
				E2EDD1B8182063C100D7D97E /* Main_iPhone.storyboard in Resources */,
				E2EDD1AF182063C100D7D97E /* InfoPlist.strings in Resources */,
			);
			runOnlyForDeploymentPostprocessing = 0;
		};
		E2EDD1C3182063C100D7D97E /* Resources */ = {
			isa = PBXResourcesBuildPhase;
			buildActionMask = 2147483647;
			files = (
				E2EDD1D1182063C100D7D97E /* InfoPlist.strings in Resources */,
			);
			runOnlyForDeploymentPostprocessing = 0;
		};
/* End PBXResourcesBuildPhase section */

/* Begin PBXSourcesBuildPhase section */
		E2EDD19D182063C100D7D97E /* Sources */ = {
			isa = PBXSourcesBuildPhase;
			buildActionMask = 2147483647;
			files = (
				E2EDD1BE182063C100D7D97E /* ViewController.m in Sources */,
				E2EDD1E11820735800D7D97E /* triangle.m in Sources */,
				E2EDD1E41820736600D7D97E /* square.m in Sources */,
				E2EDD1B5182063C100D7D97E /* AppDelegate.m in Sources */,
				E2EDD1B1182063C100D7D97E /* main.m in Sources */,
				E2EDD1DE182066B000D7D97E /* shape.m in Sources */,
			);
			runOnlyForDeploymentPostprocessing = 0;
		};
		E2EDD1C1182063C100D7D97E /* Sources */ = {
			isa = PBXSourcesBuildPhase;
			buildActionMask = 2147483647;
			files = (
				E2EDD1D3182063C100D7D97E /* W1P2Tests.m in Sources */,
			);
			runOnlyForDeploymentPostprocessing = 0;
		};
/* End PBXSourcesBuildPhase section */

/* Begin PBXTargetDependency section */
		E2EDD1CB182063C100D7D97E /* PBXTargetDependency */ = {
			isa = PBXTargetDependency;
			target = E2EDD1A0182063C100D7D97E /* W1P2 */;
			targetProxy = E2EDD1CA182063C100D7D97E /* PBXContainerItemProxy */;
		};
/* End PBXTargetDependency section */

/* Begin PBXVariantGroup section */
		E2EDD1AD182063C100D7D97E /* InfoPlist.strings */ = {
			isa = PBXVariantGroup;
			children = (
				E2EDD1AE182063C100D7D97E /* en */,
			);
			name = InfoPlist.strings;
			sourceTree = "<group>";
		};
		E2EDD1B6182063C100D7D97E /* Main_iPhone.storyboard */ = {
			isa = PBXVariantGroup;
			children = (
				E2EDD1B7182063C100D7D97E /* Base */,
			);
			name = Main_iPhone.storyboard;
			sourceTree = "<group>";
		};
		E2EDD1B9182063C100D7D97E /* Main_iPad.storyboard */ = {
			isa = PBXVariantGroup;
			children = (
				E2EDD1BA182063C100D7D97E /* Base */,
			);
			name = Main_iPad.storyboard;
			sourceTree = "<group>";
		};
		E2EDD1CF182063C100D7D97E /* InfoPlist.strings */ = {
			isa = PBXVariantGroup;
			children = (
				E2EDD1D0182063C100D7D97E /* en */,
			);
			name = InfoPlist.strings;
			sourceTree = "<group>";
		};
/* End PBXVariantGroup section */

/* Begin XCBuildConfiguration section */
		E2EDD1D4182063C100D7D97E /* Debug */ = {
			isa = XCBuildConfiguration;
			buildSettings = {
				ALWAYS_SEARCH_USER_PATHS = NO;
				ARCHS = "$(ARCHS_STANDARD_INCLUDING_64_BIT)";
				CLANG_CXX_LANGUAGE_STANDARD = "gnu++0x";
				CLANG_CXX_LIBRARY = "libc++";
				CLANG_ENABLE_MODULES = YES;
				CLANG_ENABLE_OBJC_ARC = YES;
				CLANG_WARN_BOOL_CONVERSION = YES;
				CLANG_WARN_CONSTANT_CONVERSION = YES;
				CLANG_WARN_DIRECT_OBJC_ISA_USAGE = YES_ERROR;
				CLANG_WARN_EMPTY_BODY = YES;
				CLANG_WARN_ENUM_CONVERSION = YES;
				CLANG_WARN_INT_CONVERSION = YES;
				CLANG_WARN_OBJC_ROOT_CLASS = YES_ERROR;
				CLANG_WARN__DUPLICATE_METHOD_MATCH = YES;
				"CODE_SIGN_IDENTITY[sdk=iphoneos*]" = "iPhone Developer";
				COPY_PHASE_STRIP = NO;
				GCC_C_LANGUAGE_STANDARD = gnu99;
				GCC_DYNAMIC_NO_PIC = NO;
				GCC_OPTIMIZATION_LEVEL = 0;
				GCC_PREPROCESSOR_DEFINITIONS = (
					"DEBUG=1",
					"$(inherited)",
				);
				GCC_SYMBOLS_PRIVATE_EXTERN = NO;
				GCC_WARN_64_TO_32_BIT_CONVERSION = YES;
				GCC_WARN_ABOUT_RETURN_TYPE = YES_ERROR;
				GCC_WARN_UNDECLARED_SELECTOR = YES;
				GCC_WARN_UNINITIALIZED_AUTOS = YES;
				GCC_WARN_UNUSED_FUNCTION = YES;
				GCC_WARN_UNUSED_VARIABLE = YES;
				IPHONEOS_DEPLOYMENT_TARGET = 7.0;
				ONLY_ACTIVE_ARCH = YES;
				SDKROOT = iphoneos;
				TARGETED_DEVICE_FAMILY = "1,2";
			};
			name = Debug;
		};
		E2EDD1D5182063C100D7D97E /* Release */ = {
			isa = XCBuildConfiguration;
			buildSettings = {
				ALWAYS_SEARCH_USER_PATHS = NO;
				ARCHS = "$(ARCHS_STANDARD_INCLUDING_64_BIT)";
				CLANG_CXX_LANGUAGE_STANDARD = "gnu++0x";
				CLANG_CXX_LIBRARY = "libc++";
				CLANG_ENABLE_MODULES = YES;
				CLANG_ENABLE_OBJC_ARC = YES;
				CLANG_WARN_BOOL_CONVERSION = YES;
				CLANG_WARN_CONSTANT_CONVERSION = YES;
				CLANG_WARN_DIRECT_OBJC_ISA_USAGE = YES_ERROR;
				CLANG_WARN_EMPTY_BODY = YES;
				CLANG_WARN_ENUM_CONVERSION = YES;
				CLANG_WARN_INT_CONVERSION = YES;
				CLANG_WARN_OBJC_ROOT_CLASS = YES_ERROR;
				CLANG_WARN__DUPLICATE_METHOD_MATCH = YES;
				"CODE_SIGN_IDENTITY[sdk=iphoneos*]" = "iPhone Developer";
				COPY_PHASE_STRIP = YES;
				ENABLE_NS_ASSERTIONS = NO;
				GCC_C_LANGUAGE_STANDARD = gnu99;
				GCC_WARN_64_TO_32_BIT_CONVERSION = YES;
				GCC_WARN_ABOUT_RETURN_TYPE = YES_ERROR;
				GCC_WARN_UNDECLARED_SELECTOR = YES;
				GCC_WARN_UNINITIALIZED_AUTOS = YES;
				GCC_WARN_UNUSED_FUNCTION = YES;
				GCC_WARN_UNUSED_VARIABLE = YES;
				IPHONEOS_DEPLOYMENT_TARGET = 7.0;
				SDKROOT = iphoneos;
				TARGETED_DEVICE_FAMILY = "1,2";
				VALIDATE_PRODUCT = YES;
			};
			name = Release;
		};
		E2EDD1D7182063C100D7D97E /* Debug */ = {
			isa = XCBuildConfiguration;
			buildSettings = {
				ASSETCATALOG_COMPILER_APPICON_NAME = AppIcon;
				ASSETCATALOG_COMPILER_LAUNCHIMAGE_NAME = LaunchImage;
				GCC_PRECOMPILE_PREFIX_HEADER = YES;
				GCC_PREFIX_HEADER = "W1P2/W1P2-Prefix.pch";
				INFOPLIST_FILE = "W1P2/W1P2-Info.plist";
				IPHONEOS_DEPLOYMENT_TARGET = 6.0;
				PRODUCT_NAME = "$(TARGET_NAME)";
				WRAPPER_EXTENSION = app;
			};
			name = Debug;
		};
		E2EDD1D8182063C100D7D97E /* Release */ = {
			isa = XCBuildConfiguration;
			buildSettings = {
				ASSETCATALOG_COMPILER_APPICON_NAME = AppIcon;
				ASSETCATALOG_COMPILER_LAUNCHIMAGE_NAME = LaunchImage;
				GCC_PRECOMPILE_PREFIX_HEADER = YES;
				GCC_PREFIX_HEADER = "W1P2/W1P2-Prefix.pch";
				INFOPLIST_FILE = "W1P2/W1P2-Info.plist";
				IPHONEOS_DEPLOYMENT_TARGET = 6.0;
				PRODUCT_NAME = "$(TARGET_NAME)";
				WRAPPER_EXTENSION = app;
			};
			name = Release;
		};
		E2EDD1DA182063C100D7D97E /* Debug */ = {
			isa = XCBuildConfiguration;
			buildSettings = {
				ARCHS = "$(ARCHS_STANDARD_INCLUDING_64_BIT)";
				BUNDLE_LOADER = "$(BUILT_PRODUCTS_DIR)/W1P2.app/W1P2";
				FRAMEWORK_SEARCH_PATHS = (
					"$(SDKROOT)/Developer/Library/Frameworks",
					"$(inherited)",
					"$(DEVELOPER_FRAMEWORKS_DIR)",
				);
				GCC_PRECOMPILE_PREFIX_HEADER = YES;
				GCC_PREFIX_HEADER = "W1P2/W1P2-Prefix.pch";
				GCC_PREPROCESSOR_DEFINITIONS = (
					"DEBUG=1",
					"$(inherited)",
				);
				INFOPLIST_FILE = "W1P2Tests/W1P2Tests-Info.plist";
				PRODUCT_NAME = "$(TARGET_NAME)";
				TEST_HOST = "$(BUNDLE_LOADER)";
				WRAPPER_EXTENSION = xctest;
			};
			name = Debug;
		};
		E2EDD1DB182063C100D7D97E /* Release */ = {
			isa = XCBuildConfiguration;
			buildSettings = {
				ARCHS = "$(ARCHS_STANDARD_INCLUDING_64_BIT)";
				BUNDLE_LOADER = "$(BUILT_PRODUCTS_DIR)/W1P2.app/W1P2";
				FRAMEWORK_SEARCH_PATHS = (
					"$(SDKROOT)/Developer/Library/Frameworks",
					"$(inherited)",
					"$(DEVELOPER_FRAMEWORKS_DIR)",
				);
				GCC_PRECOMPILE_PREFIX_HEADER = YES;
				GCC_PREFIX_HEADER = "W1P2/W1P2-Prefix.pch";
				INFOPLIST_FILE = "W1P2Tests/W1P2Tests-Info.plist";
				PRODUCT_NAME = "$(TARGET_NAME)";
				TEST_HOST = "$(BUNDLE_LOADER)";
				WRAPPER_EXTENSION = xctest;
			};
			name = Release;
		};
/* End XCBuildConfiguration section */

/* Begin XCConfigurationList section */
		E2EDD19C182063C100D7D97E /* Build configuration list for PBXProject "W1P2" */ = {
			isa = XCConfigurationList;
			buildConfigurations = (
				E2EDD1D4182063C100D7D97E /* Debug */,
				E2EDD1D5182063C100D7D97E /* Release */,
			);
			defaultConfigurationIsVisible = 0;
			defaultConfigurationName = Release;
		};
		E2EDD1D6182063C100D7D97E /* Build configuration list for PBXNativeTarget "W1P2" */ = {
			isa = XCConfigurationList;
			buildConfigurations = (
				E2EDD1D7182063C100D7D97E /* Debug */,
				E2EDD1D8182063C100D7D97E /* Release */,
			);
			defaultConfigurationIsVisible = 0;
			defaultConfigurationName = Release;
		};
		E2EDD1D9182063C100D7D97E /* Build configuration list for PBXNativeTarget "W1P2Tests" */ = {
			isa = XCConfigurationList;
			buildConfigurations = (
				E2EDD1DA182063C100D7D97E /* Debug */,
				E2EDD1DB182063C100D7D97E /* Release */,
			);
			defaultConfigurationIsVisible = 0;
			defaultConfigurationName = Release;
		};
/* End XCConfigurationList section */
	};
	rootObject = E2EDD199182063C100D7D97E /* Project object */;
}
